
Microsoft Visual Studio Solution File, Format Version 12.00
# Visual Studio Version 17
VisualStudioVersion = 17.12.35514.174
MinimumVisualStudioVersion = 10.0.40219.1
Project("{FAE04EC0-301F-11D3-BF4B-00C04F79EFBC}") = "Doctor.Web", "Doctor.Web\Doctor.Web.csproj", "{0BB2C7A3-DF10-4FCC-9FF3-05BBE756C10A}"
EndProject
Project("{FAE04EC0-301F-11D3-BF4B-00C04F79EFBC}") = "Doctor.Data", "Doctor.Data\Doctor.Data.csproj", "{68F31072-C43B-42D9-BFF0-0A61CCD215CD}"
EndProject
Project("{FAE04EC0-301F-11D3-BF4B-00C04F79EFBC}") = "Doctor.Infrastructure", "Doctor.Infrastructure\Doctor.Infrastructure.csproj", "{B4D3DFD0-3204-4DA7-AA45-081926070480}"
EndProject
Global
	GlobalSection(SolutionConfigurationPlatforms) = preSolution
		Debug|Any CPU = Debug|Any CPU
		Release|Any CPU = Release|Any CPU
	EndGlobalSection
	GlobalSection(ProjectConfigurationPlatforms) = postSolution
		{0BB2C7A3-DF10-4FCC-9FF3-05BBE756C10A}.Debug|Any CPU.ActiveCfg = Debug|Any CPU
		{0BB2C7A3-DF10-4FCC-9FF3-05BBE756C10A}.Debug|Any CPU.Build.0 = Debug|Any CPU
		{0BB2C7A3-DF10-4FCC-9FF3-05BBE756C10A}.Release|Any CPU.ActiveCfg = Release|Any CPU
		{0BB2C7A3-DF10-4FCC-9FF3-05BBE756C10A}.Release|Any CPU.Build.0 = Release|Any CPU
		{68F31072-C43B-42D9-BFF0-0A61CCD215CD}.Debug|Any CPU.ActiveCfg = Debug|Any CPU
		{68F31072-C43B-42D9-BFF0-0A61CCD215CD}.Debug|Any CPU.Build.0 = Debug|Any CPU
		{68F31072-C43B-42D9-BFF0-0A61CCD215CD}.Release|Any CPU.ActiveCfg = Release|Any CPU
		{68F31072-C43B-42D9-BFF0-0A61CCD215CD}.Release|Any CPU.Build.0 = Release|Any CPU
		{B4D3DFD0-3204-4DA7-AA45-081926070480}.Debug|Any CPU.ActiveCfg = Debug|Any CPU
		{B4D3DFD0-3204-4DA7-AA45-081926070480}.Debug|Any CPU.Build.0 = Debug|Any CPU
		{B4D3DFD0-3204-4DA7-AA45-081926070480}.Release|Any CPU.ActiveCfg = Release|Any CPU
		{B4D3DFD0-3204-4DA7-AA45-081926070480}.Release|Any CPU.Build.0 = Release|Any CPU
	EndGlobalSection
	GlobalSection(SolutionProperties) = preSolution
		HideSolutionNode = FALSE
	EndGlobalSection
EndGlobal
